
Microsoft Visual Studio Solution File, Format Version 12.00
# Visual Studio Version 16
VisualStudioVersion = 16.0.30225.117
MinimumVisualStudioVersion = 10.0.40219.1
Project("{9A19103F-16F7-4668-BE54-9A1E7A4F7556}") = "MagicKeys", "MagicKeys\MagicKeys.csproj", "{8C7B0C9C-E076-4AE3-8F77-4CBA3B5AC808}"
EndProject
Project("{2150E333-8FDC-42A3-9474-1A3956D46DE8}") = "Plugins", "Plugins", "{878DD0D9-4954-4E5F-937B-89B30F6A0C48}"
EndProject
Project("{9A19103F-16F7-4668-BE54-9A1E7A4F7556}") = "DeveloperTool", "DeveloperTool\DeveloperTool.csproj", "{B8275EE5-47C8-4599-BC00-99C4F94C2A28}"
EndProject
Project("{9A19103F-16F7-4668-BE54-9A1E7A4F7556}") = "MKUpdater", "MKUpdater\MKUpdater.csproj", "{F89EF9BE-85A3-4E1E-A908-36423F69FCF1}"
EndProject
Project("{9A19103F-16F7-4668-BE54-9A1E7A4F7556}") = "ConfigInstaller", "ConfigInstaller\ConfigInstaller.csproj", "{63FA6CAC-62E2-40FD-84A5-8F269AE448A1}"
EndProject
Project("{9A19103F-16F7-4668-BE54-9A1E7A4F7556}") = "Native Instruments Kontakt", "Plugins\DLL\Native Instruments Kontakt\Native Instruments Kontakt.csproj", "{244B5255-8B75-47C0-8A6D-0802FCF8F10F}"
EndProject
Project("{9A19103F-16F7-4668-BE54-9A1E7A4F7556}") = "Xfer Records Serum", "Plugins\DLL\Xfer Records Serum\Xfer Records Serum.csproj", "{159D4A85-51B2-4C07-B819-63E820774DFE}"
EndProject
Project("{9A19103F-16F7-4668-BE54-9A1E7A4F7556}") = "reFX Nexus", "Plugins\DLL\reFX Nexus\reFX Nexus.csproj", "{C6D889F6-46DB-4A94-AEDC-243F0A6EAD95}"
EndProject
Project("{9A19103F-16F7-4668-BE54-9A1E7A4F7556}") = "Spectrasonics Omnisphere", "Plugins\DLL\Spectrasonics Omnisphere\Spectrasonics Omnisphere.csproj", "{5DF1AC13-CAEF-40A4-8AEA-793FE7D8F41D}"
EndProject
Project("{9A19103F-16F7-4668-BE54-9A1E7A4F7556}") = "LUXONIX Purity", "Plugins\DLL\LUXONIX.Purity\LUXONIX Purity.csproj", "{27C5EB54-B0F1-4DA9-BFCC-87EF89FCFD7F}"
EndProject
Project("{9A19103F-16F7-4668-BE54-9A1E7A4F7556}") = "Reveal Sound Spire", "Plugins\DLL\Reveal Sound Spire\Reveal Sound Spire.csproj", "{B62840F5-8DC2-456B-9D0A-79E38FC81B02}"
EndProject
Project("{2150E333-8FDC-42A3-9474-1A3956D46DE8}") = "Subplugins", "Subplugins", "{F3C4F3C0-A055-4D24-A9B4-842A4DCC9138}"
EndProject
Project("{2150E333-8FDC-42A3-9474-1A3956D46DE8}") = "Native Instruments Kontakt", "Native Instruments Kontakt", "{49135DF4-52BE-4827-B7E4-A19F2735A86F}"
EndProject
Project("{9A19103F-16F7-4668-BE54-9A1E7A4F7556}") = "IlyaEfimovBayanRight", "Plugins\SubDLL\Native Instruments Kontakt\IlyaEfimovBayanRight\IlyaEfimovBayanRight.csproj", "{4C6F66F2-DAAB-41A1-95D3-185E1DCA4A0A}"
EndProject
Project("{9A19103F-16F7-4668-BE54-9A1E7A4F7556}") = "IlyaEfimovBayanLeft", "Plugins\SubDLL\Native Instruments Kontakt\IlyaEfimovBayanLeft\IlyaEfimovBayanLeft.csproj", "{03D4EC6E-9B5C-416D-B69B-DCBBBDB1A02D}"
EndProject
Project("{9A19103F-16F7-4668-BE54-9A1E7A4F7556}") = "MKLib", "MKLib\MKLib.csproj", "{16C6FFD4-1956-4EC4-98C0-31E8D49DD73F}"
EndProject
Global
	GlobalSection(SolutionConfigurationPlatforms) = preSolution
		Debug|x64 = Debug|x64
		Debug|x86 = Debug|x86
		Release|x64 = Release|x64
		Release|x86 = Release|x86
	EndGlobalSection
	GlobalSection(ProjectConfigurationPlatforms) = postSolution
		{8C7B0C9C-E076-4AE3-8F77-4CBA3B5AC808}.Debug|x64.ActiveCfg = Debug|x64
		{8C7B0C9C-E076-4AE3-8F77-4CBA3B5AC808}.Debug|x64.Build.0 = Debug|x64
		{8C7B0C9C-E076-4AE3-8F77-4CBA3B5AC808}.Debug|x86.ActiveCfg = Debug|x86
		{8C7B0C9C-E076-4AE3-8F77-4CBA3B5AC808}.Debug|x86.Build.0 = Debug|x86
		{8C7B0C9C-E076-4AE3-8F77-4CBA3B5AC808}.Release|x64.ActiveCfg = Release|x64
		{8C7B0C9C-E076-4AE3-8F77-4CBA3B5AC808}.Release|x64.Build.0 = Release|x64
		{8C7B0C9C-E076-4AE3-8F77-4CBA3B5AC808}.Release|x86.ActiveCfg = Release|x86
		{8C7B0C9C-E076-4AE3-8F77-4CBA3B5AC808}.Release|x86.Build.0 = Release|x86
		{B8275EE5-47C8-4599-BC00-99C4F94C2A28}.Debug|x64.ActiveCfg = Debug|x64
		{B8275EE5-47C8-4599-BC00-99C4F94C2A28}.Debug|x64.Build.0 = Debug|x64
		{B8275EE5-47C8-4599-BC00-99C4F94C2A28}.Debug|x86.ActiveCfg = Debug|x86
		{B8275EE5-47C8-4599-BC00-99C4F94C2A28}.Debug|x86.Build.0 = Debug|x86
		{B8275EE5-47C8-4599-BC00-99C4F94C2A28}.Release|x64.ActiveCfg = Release|x64
		{B8275EE5-47C8-4599-BC00-99C4F94C2A28}.Release|x64.Build.0 = Release|x64
		{B8275EE5-47C8-4599-BC00-99C4F94C2A28}.Release|x86.ActiveCfg = Release|x86
		{B8275EE5-47C8-4599-BC00-99C4F94C2A28}.Release|x86.Build.0 = Release|x86
		{F89EF9BE-85A3-4E1E-A908-36423F69FCF1}.Debug|x64.ActiveCfg = Debug|x64
		{F89EF9BE-85A3-4E1E-A908-36423F69FCF1}.Debug|x64.Build.0 = Debug|x64
		{F89EF9BE-85A3-4E1E-A908-36423F69FCF1}.Debug|x86.ActiveCfg = Debug|x86
		{F89EF9BE-85A3-4E1E-A908-36423F69FCF1}.Debug|x86.Build.0 = Debug|x86
		{F89EF9BE-85A3-4E1E-A908-36423F69FCF1}.Release|x64.ActiveCfg = Release|x64
		{F89EF9BE-85A3-4E1E-A908-36423F69FCF1}.Release|x64.Build.0 = Release|x64
		{F89EF9BE-85A3-4E1E-A908-36423F69FCF1}.Release|x86.ActiveCfg = Release|x86
		{F89EF9BE-85A3-4E1E-A908-36423F69FCF1}.Release|x86.Build.0 = Release|x86
		{63FA6CAC-62E2-40FD-84A5-8F269AE448A1}.Debug|x64.ActiveCfg = Debug|x64
		{63FA6CAC-62E2-40FD-84A5-8F269AE448A1}.Debug|x64.Build.0 = Debug|x64
		{63FA6CAC-62E2-40FD-84A5-8F269AE448A1}.Debug|x86.ActiveCfg = Debug|x86
		{63FA6CAC-62E2-40FD-84A5-8F269AE448A1}.Debug|x86.Build.0 = Debug|x86
		{63FA6CAC-62E2-40FD-84A5-8F269AE448A1}.Release|x64.ActiveCfg = Release|x64
		{63FA6CAC-62E2-40FD-84A5-8F269AE448A1}.Release|x64.Build.0 = Release|x64
		{63FA6CAC-62E2-40FD-84A5-8F269AE448A1}.Release|x86.ActiveCfg = Release|x86
		{63FA6CAC-62E2-40FD-84A5-8F269AE448A1}.Release|x86.Build.0 = Release|x86
		{244B5255-8B75-47C0-8A6D-0802FCF8F10F}.Debug|x64.ActiveCfg = Debug|x64
		{244B5255-8B75-47C0-8A6D-0802FCF8F10F}.Debug|x64.Build.0 = Debug|x64
		{244B5255-8B75-47C0-8A6D-0802FCF8F10F}.Debug|x86.ActiveCfg = Debug|x86
		{244B5255-8B75-47C0-8A6D-0802FCF8F10F}.Debug|x86.Build.0 = Debug|x86
		{244B5255-8B75-47C0-8A6D-0802FCF8F10F}.Release|x64.ActiveCfg = Release|x64
		{244B5255-8B75-47C0-8A6D-0802FCF8F10F}.Release|x64.Build.0 = Release|x64
		{244B5255-8B75-47C0-8A6D-0802FCF8F10F}.Release|x86.ActiveCfg = Release|x86
		{244B5255-8B75-47C0-8A6D-0802FCF8F10F}.Release|x86.Build.0 = Release|x86
		{159D4A85-51B2-4C07-B819-63E820774DFE}.Debug|x64.ActiveCfg = Debug|x64
		{159D4A85-51B2-4C07-B819-63E820774DFE}.Debug|x64.Build.0 = Debug|x64
		{159D4A85-51B2-4C07-B819-63E820774DFE}.Debug|x86.ActiveCfg = Debug|x86
		{159D4A85-51B2-4C07-B819-63E820774DFE}.Debug|x86.Build.0 = Debug|x86
		{159D4A85-51B2-4C07-B819-63E820774DFE}.Release|x64.ActiveCfg = Release|x64
		{159D4A85-51B2-4C07-B819-63E820774DFE}.Release|x64.Build.0 = Release|x64
		{159D4A85-51B2-4C07-B819-63E820774DFE}.Release|x86.ActiveCfg = Release|x86
		{159D4A85-51B2-4C07-B819-63E820774DFE}.Release|x86.Build.0 = Release|x86
		{C6D889F6-46DB-4A94-AEDC-243F0A6EAD95}.Debug|x64.ActiveCfg = Debug|x64
		{C6D889F6-46DB-4A94-AEDC-243F0A6EAD95}.Debug|x64.Build.0 = Debug|x64
		{C6D889F6-46DB-4A94-AEDC-243F0A6EAD95}.Debug|x86.ActiveCfg = Debug|x86
		{C6D889F6-46DB-4A94-AEDC-243F0A6EAD95}.Debug|x86.Build.0 = Debug|x86
		{C6D889F6-46DB-4A94-AEDC-243F0A6EAD95}.Release|x64.ActiveCfg = Release|x64
		{C6D889F6-46DB-4A94-AEDC-243F0A6EAD95}.Release|x64.Build.0 = Release|x64
		{C6D889F6-46DB-4A94-AEDC-243F0A6EAD95}.Release|x86.ActiveCfg = Release|x86
		{C6D889F6-46DB-4A94-AEDC-243F0A6EAD95}.Release|x86.Build.0 = Release|x86
		{5DF1AC13-CAEF-40A4-8AEA-793FE7D8F41D}.Debug|x64.ActiveCfg = Debug|x64
		{5DF1AC13-CAEF-40A4-8AEA-793FE7D8F41D}.Debug|x64.Build.0 = Debug|x64
		{5DF1AC13-CAEF-40A4-8AEA-793FE7D8F41D}.Debug|x86.ActiveCfg = Debug|x86
		{5DF1AC13-CAEF-40A4-8AEA-793FE7D8F41D}.Debug|x86.Build.0 = Debug|x86
		{5DF1AC13-CAEF-40A4-8AEA-793FE7D8F41D}.Release|x64.ActiveCfg = Release|x64
		{5DF1AC13-CAEF-40A4-8AEA-793FE7D8F41D}.Release|x64.Build.0 = Release|x64
		{5DF1AC13-CAEF-40A4-8AEA-793FE7D8F41D}.Release|x86.ActiveCfg = Release|x86
		{5DF1AC13-CAEF-40A4-8AEA-793FE7D8F41D}.Release|x86.Build.0 = Release|x86
		{27C5EB54-B0F1-4DA9-BFCC-87EF89FCFD7F}.Debug|x64.ActiveCfg = Debug|x64
		{27C5EB54-B0F1-4DA9-BFCC-87EF89FCFD7F}.Debug|x64.Build.0 = Debug|x64
		{27C5EB54-B0F1-4DA9-BFCC-87EF89FCFD7F}.Debug|x86.ActiveCfg = Debug|x86
		{27C5EB54-B0F1-4DA9-BFCC-87EF89FCFD7F}.Debug|x86.Build.0 = Debug|x86
		{27C5EB54-B0F1-4DA9-BFCC-87EF89FCFD7F}.Release|x64.ActiveCfg = Release|x64
		{27C5EB54-B0F1-4DA9-BFCC-87EF89FCFD7F}.Release|x64.Build.0 = Release|x64
		{27C5EB54-B0F1-4DA9-BFCC-87EF89FCFD7F}.Release|x86.ActiveCfg = Release|x86
		{27C5EB54-B0F1-4DA9-BFCC-87EF89FCFD7F}.Release|x86.Build.0 = Release|x86
		{B62840F5-8DC2-456B-9D0A-79E38FC81B02}.Debug|x64.ActiveCfg = Debug|x64
		{B62840F5-8DC2-456B-9D0A-79E38FC81B02}.Debug|x64.Build.0 = Debug|x64
		{B62840F5-8DC2-456B-9D0A-79E38FC81B02}.Debug|x86.ActiveCfg = Debug|x86
		{B62840F5-8DC2-456B-9D0A-79E38FC81B02}.Debug|x86.Build.0 = Debug|x86
		{B62840F5-8DC2-456B-9D0A-79E38FC81B02}.Release|x64.ActiveCfg = Release|x64
		{B62840F5-8DC2-456B-9D0A-79E38FC81B02}.Release|x64.Build.0 = Release|x64
		{B62840F5-8DC2-456B-9D0A-79E38FC81B02}.Release|x86.ActiveCfg = Release|x86
		{B62840F5-8DC2-456B-9D0A-79E38FC81B02}.Release|x86.Build.0 = Release|x86
		{4C6F66F2-DAAB-41A1-95D3-185E1DCA4A0A}.Debug|x64.ActiveCfg = Debug|x64
		{4C6F66F2-DAAB-41A1-95D3-185E1DCA4A0A}.Debug|x64.Build.0 = Debug|x64
		{4C6F66F2-DAAB-41A1-95D3-185E1DCA4A0A}.Debug|x86.ActiveCfg = Debug|x86
		{4C6F66F2-DAAB-41A1-95D3-185E1DCA4A0A}.Debug|x86.Build.0 = Debug|x86
		{4C6F66F2-DAAB-41A1-95D3-185E1DCA4A0A}.Release|x64.ActiveCfg = Release|x64
		{4C6F66F2-DAAB-41A1-95D3-185E1DCA4A0A}.Release|x64.Build.0 = Release|x64
		{4C6F66F2-DAAB-41A1-95D3-185E1DCA4A0A}.Release|x86.ActiveCfg = Release|x86
		{4C6F66F2-DAAB-41A1-95D3-185E1DCA4A0A}.Release|x86.Build.0 = Release|x86
		{03D4EC6E-9B5C-416D-B69B-DCBBBDB1A02D}.Debug|x64.ActiveCfg = Debug|x64
		{03D4EC6E-9B5C-416D-B69B-DCBBBDB1A02D}.Debug|x64.Build.0 = Debug|x64
		{03D4EC6E-9B5C-416D-B69B-DCBBBDB1A02D}.Debug|x86.ActiveCfg = Debug|x86
		{03D4EC6E-9B5C-416D-B69B-DCBBBDB1A02D}.Debug|x86.Build.0 = Debug|x86
		{03D4EC6E-9B5C-416D-B69B-DCBBBDB1A02D}.Release|x64.ActiveCfg = Release|x64
		{03D4EC6E-9B5C-416D-B69B-DCBBBDB1A02D}.Release|x64.Build.0 = Release|x64
		{03D4EC6E-9B5C-416D-B69B-DCBBBDB1A02D}.Release|x86.ActiveCfg = Release|x86
		{03D4EC6E-9B5C-416D-B69B-DCBBBDB1A02D}.Release|x86.Build.0 = Release|x86
		{16C6FFD4-1956-4EC4-98C0-31E8D49DD73F}.Debug|x64.ActiveCfg = Debug|x64
		{16C6FFD4-1956-4EC4-98C0-31E8D49DD73F}.Debug|x64.Build.0 = Debug|x64
		{16C6FFD4-1956-4EC4-98C0-31E8D49DD73F}.Debug|x86.ActiveCfg = Debug|x86
		{16C6FFD4-1956-4EC4-98C0-31E8D49DD73F}.Debug|x86.Build.0 = Debug|x86
		{16C6FFD4-1956-4EC4-98C0-31E8D49DD73F}.Release|x64.ActiveCfg = Release|x64
		{16C6FFD4-1956-4EC4-98C0-31E8D49DD73F}.Release|x64.Build.0 = Release|x64
		{16C6FFD4-1956-4EC4-98C0-31E8D49DD73F}.Release|x86.ActiveCfg = Release|x86
		{16C6FFD4-1956-4EC4-98C0-31E8D49DD73F}.Release|x86.Build.0 = Release|x86
	EndGlobalSection
	GlobalSection(SolutionProperties) = preSolution
		HideSolutionNode = FALSE
	EndGlobalSection
	GlobalSection(NestedProjects) = preSolution
		{244B5255-8B75-47C0-8A6D-0802FCF8F10F} = {878DD0D9-4954-4E5F-937B-89B30F6A0C48}
		{159D4A85-51B2-4C07-B819-63E820774DFE} = {878DD0D9-4954-4E5F-937B-89B30F6A0C48}
		{C6D889F6-46DB-4A94-AEDC-243F0A6EAD95} = {878DD0D9-4954-4E5F-937B-89B30F6A0C48}
		{5DF1AC13-CAEF-40A4-8AEA-793FE7D8F41D} = {878DD0D9-4954-4E5F-937B-89B30F6A0C48}
		{27C5EB54-B0F1-4DA9-BFCC-87EF89FCFD7F} = {878DD0D9-4954-4E5F-937B-89B30F6A0C48}
		{B62840F5-8DC2-456B-9D0A-79E38FC81B02} = {878DD0D9-4954-4E5F-937B-89B30F6A0C48}
		{49135DF4-52BE-4827-B7E4-A19F2735A86F} = {F3C4F3C0-A055-4D24-A9B4-842A4DCC9138}
		{4C6F66F2-DAAB-41A1-95D3-185E1DCA4A0A} = {49135DF4-52BE-4827-B7E4-A19F2735A86F}
		{03D4EC6E-9B5C-416D-B69B-DCBBBDB1A02D} = {49135DF4-52BE-4827-B7E4-A19F2735A86F}
	EndGlobalSection
	GlobalSection(ExtensibilityGlobals) = postSolution
		SolutionGuid = {F6E62627-522B-4CBE-9193-D457EA605A5A}
	EndGlobalSection
EndGlobal
