
Microsoft Visual Studio Solution File, Format Version 12.00
# Visual Studio Version 16
VisualStudioVersion = 16.0.30225.117
MinimumVisualStudioVersion = 10.0.40219.1
Project("{9A19103F-16F7-4668-BE54-9A1E7A4F7556}") = "MagicKeys", "MagicKeys\MagicKeys.csproj", "{8C7B0C9C-E076-4AE3-8F77-4CBA3B5AC808}"
EndProject
Project("{2150E333-8FDC-42A3-9474-1A3956D46DE8}") = "Plugins", "Plugins", "{878DD0D9-4954-4E5F-937B-89B30F6A0C48}"
EndProject
Project("{9A19103F-16F7-4668-BE54-9A1E7A4F7556}") = "Kontakt", "Plugins\DLL\Kontakt\Kontakt.csproj", "{AEC9022D-C366-497C-8B54-669629416224}"
EndProject
Project("{9A19103F-16F7-4668-BE54-9A1E7A4F7556}") = "Nexus", "Plugins\DLL\Nexus\Nexus.csproj", "{D08D5A28-CC4A-481D-A2B5-8E5F569BC7F9}"
EndProject
Project("{9A19103F-16F7-4668-BE54-9A1E7A4F7556}") = "Omnisphere", "Plugins\DLL\Omnisphere\Omnisphere.csproj", "{64098E4A-BCF6-4B33-B792-70488BB369A6}"
EndProject
Project("{9A19103F-16F7-4668-BE54-9A1E7A4F7556}") = "Serum", "Plugins\DLL\Serum\Serum.csproj", "{3976791D-3B5C-439D-ABC0-2F4F896C90E7}"
EndProject
Project("{9A19103F-16F7-4668-BE54-9A1E7A4F7556}") = "PlugSound", "Plugins\DLL\PlugSound\PlugSound.csproj", "{DC2506B4-BBB5-4950-B889-E1067CB8E98A}"
EndProject
Project("{9A19103F-16F7-4668-BE54-9A1E7A4F7556}") = "KontaktIlyaEfimovBayanLeft", "Plugins\DLL\KontaktIlyaEfimovBayanLeft\KontaktIlyaEfimovBayanLeft.csproj", "{D4FFCEC7-5C05-44E0-B6AB-B80109097459}"
EndProject
Project("{9A19103F-16F7-4668-BE54-9A1E7A4F7556}") = "KontaktIlyaEfimovBayanRight", "Plugins\DLL\KontaktIlyaEfimovBayanRight\KontaktIlyaEfimovBayanRight.csproj", "{31D46FDF-714E-4AD4-A5B4-F69A6A6199EE}"
EndProject
Global
	GlobalSection(SolutionConfigurationPlatforms) = preSolution
		Debug|x64 = Debug|x64
		Debug|x86 = Debug|x86
		Release|x64 = Release|x64
		Release|x86 = Release|x86
	EndGlobalSection
	GlobalSection(ProjectConfigurationPlatforms) = postSolution
		{8C7B0C9C-E076-4AE3-8F77-4CBA3B5AC808}.Debug|x64.ActiveCfg = Debug|x64
		{8C7B0C9C-E076-4AE3-8F77-4CBA3B5AC808}.Debug|x64.Build.0 = Debug|x64
		{8C7B0C9C-E076-4AE3-8F77-4CBA3B5AC808}.Debug|x86.ActiveCfg = Debug|x86
		{8C7B0C9C-E076-4AE3-8F77-4CBA3B5AC808}.Debug|x86.Build.0 = Debug|x86
		{8C7B0C9C-E076-4AE3-8F77-4CBA3B5AC808}.Release|x64.ActiveCfg = Release|x64
		{8C7B0C9C-E076-4AE3-8F77-4CBA3B5AC808}.Release|x64.Build.0 = Release|x64
		{8C7B0C9C-E076-4AE3-8F77-4CBA3B5AC808}.Release|x86.ActiveCfg = Release|x86
		{8C7B0C9C-E076-4AE3-8F77-4CBA3B5AC808}.Release|x86.Build.0 = Release|x86
		{AEC9022D-C366-497C-8B54-669629416224}.Debug|x64.ActiveCfg = Debug|x64
		{AEC9022D-C366-497C-8B54-669629416224}.Debug|x64.Build.0 = Debug|x64
		{AEC9022D-C366-497C-8B54-669629416224}.Debug|x86.ActiveCfg = Debug|x86
		{AEC9022D-C366-497C-8B54-669629416224}.Debug|x86.Build.0 = Debug|x86
		{AEC9022D-C366-497C-8B54-669629416224}.Release|x64.ActiveCfg = Release|x64
		{AEC9022D-C366-497C-8B54-669629416224}.Release|x64.Build.0 = Release|x64
		{AEC9022D-C366-497C-8B54-669629416224}.Release|x86.ActiveCfg = Release|x86
		{AEC9022D-C366-497C-8B54-669629416224}.Release|x86.Build.0 = Release|x86
		{D08D5A28-CC4A-481D-A2B5-8E5F569BC7F9}.Debug|x64.ActiveCfg = Debug|x64
		{D08D5A28-CC4A-481D-A2B5-8E5F569BC7F9}.Debug|x64.Build.0 = Debug|x64
		{D08D5A28-CC4A-481D-A2B5-8E5F569BC7F9}.Debug|x86.ActiveCfg = Debug|x86
		{D08D5A28-CC4A-481D-A2B5-8E5F569BC7F9}.Debug|x86.Build.0 = Debug|x86
		{D08D5A28-CC4A-481D-A2B5-8E5F569BC7F9}.Release|x64.ActiveCfg = Release|x64
		{D08D5A28-CC4A-481D-A2B5-8E5F569BC7F9}.Release|x64.Build.0 = Release|x64
		{D08D5A28-CC4A-481D-A2B5-8E5F569BC7F9}.Release|x86.ActiveCfg = Release|x86
		{D08D5A28-CC4A-481D-A2B5-8E5F569BC7F9}.Release|x86.Build.0 = Release|x86
		{64098E4A-BCF6-4B33-B792-70488BB369A6}.Debug|x64.ActiveCfg = Debug|x64
		{64098E4A-BCF6-4B33-B792-70488BB369A6}.Debug|x64.Build.0 = Debug|x64
		{64098E4A-BCF6-4B33-B792-70488BB369A6}.Debug|x86.ActiveCfg = Debug|x86
		{64098E4A-BCF6-4B33-B792-70488BB369A6}.Debug|x86.Build.0 = Debug|x86
		{64098E4A-BCF6-4B33-B792-70488BB369A6}.Release|x64.ActiveCfg = Release|x64
		{64098E4A-BCF6-4B33-B792-70488BB369A6}.Release|x64.Build.0 = Release|x64
		{64098E4A-BCF6-4B33-B792-70488BB369A6}.Release|x86.ActiveCfg = Release|x86
		{64098E4A-BCF6-4B33-B792-70488BB369A6}.Release|x86.Build.0 = Release|x86
		{3976791D-3B5C-439D-ABC0-2F4F896C90E7}.Debug|x64.ActiveCfg = Debug|x64
		{3976791D-3B5C-439D-ABC0-2F4F896C90E7}.Debug|x64.Build.0 = Debug|x64
		{3976791D-3B5C-439D-ABC0-2F4F896C90E7}.Debug|x86.ActiveCfg = Debug|x86
		{3976791D-3B5C-439D-ABC0-2F4F896C90E7}.Debug|x86.Build.0 = Debug|x86
		{3976791D-3B5C-439D-ABC0-2F4F896C90E7}.Release|x64.ActiveCfg = Release|x64
		{3976791D-3B5C-439D-ABC0-2F4F896C90E7}.Release|x64.Build.0 = Release|x64
		{3976791D-3B5C-439D-ABC0-2F4F896C90E7}.Release|x86.ActiveCfg = Release|x86
		{3976791D-3B5C-439D-ABC0-2F4F896C90E7}.Release|x86.Build.0 = Release|x86
		{DC2506B4-BBB5-4950-B889-E1067CB8E98A}.Debug|x64.ActiveCfg = Debug|x64
		{DC2506B4-BBB5-4950-B889-E1067CB8E98A}.Debug|x64.Build.0 = Debug|x64
		{DC2506B4-BBB5-4950-B889-E1067CB8E98A}.Debug|x86.ActiveCfg = Debug|x86
		{DC2506B4-BBB5-4950-B889-E1067CB8E98A}.Debug|x86.Build.0 = Debug|x86
		{DC2506B4-BBB5-4950-B889-E1067CB8E98A}.Release|x64.ActiveCfg = Release|x64
		{DC2506B4-BBB5-4950-B889-E1067CB8E98A}.Release|x64.Build.0 = Release|x64
		{DC2506B4-BBB5-4950-B889-E1067CB8E98A}.Release|x86.ActiveCfg = Release|x86
		{DC2506B4-BBB5-4950-B889-E1067CB8E98A}.Release|x86.Build.0 = Release|x86
		{D4FFCEC7-5C05-44E0-B6AB-B80109097459}.Debug|x64.ActiveCfg = Debug|x64
		{D4FFCEC7-5C05-44E0-B6AB-B80109097459}.Debug|x64.Build.0 = Debug|x64
		{D4FFCEC7-5C05-44E0-B6AB-B80109097459}.Debug|x86.ActiveCfg = Debug|x86
		{D4FFCEC7-5C05-44E0-B6AB-B80109097459}.Debug|x86.Build.0 = Debug|x86
		{D4FFCEC7-5C05-44E0-B6AB-B80109097459}.Release|x64.ActiveCfg = Release|x64
		{D4FFCEC7-5C05-44E0-B6AB-B80109097459}.Release|x64.Build.0 = Release|x64
		{D4FFCEC7-5C05-44E0-B6AB-B80109097459}.Release|x86.ActiveCfg = Release|x86
		{D4FFCEC7-5C05-44E0-B6AB-B80109097459}.Release|x86.Build.0 = Release|x86
		{31D46FDF-714E-4AD4-A5B4-F69A6A6199EE}.Debug|x64.ActiveCfg = Debug|x64
		{31D46FDF-714E-4AD4-A5B4-F69A6A6199EE}.Debug|x64.Build.0 = Debug|x64
		{31D46FDF-714E-4AD4-A5B4-F69A6A6199EE}.Debug|x86.ActiveCfg = Debug|x86
		{31D46FDF-714E-4AD4-A5B4-F69A6A6199EE}.Debug|x86.Build.0 = Debug|x86
		{31D46FDF-714E-4AD4-A5B4-F69A6A6199EE}.Release|x64.ActiveCfg = Release|x64
		{31D46FDF-714E-4AD4-A5B4-F69A6A6199EE}.Release|x64.Build.0 = Release|x64
		{31D46FDF-714E-4AD4-A5B4-F69A6A6199EE}.Release|x86.ActiveCfg = Release|x86
		{31D46FDF-714E-4AD4-A5B4-F69A6A6199EE}.Release|x86.Build.0 = Release|x86
	EndGlobalSection
	GlobalSection(SolutionProperties) = preSolution
		HideSolutionNode = FALSE
	EndGlobalSection
	GlobalSection(NestedProjects) = preSolution
		{AEC9022D-C366-497C-8B54-669629416224} = {878DD0D9-4954-4E5F-937B-89B30F6A0C48}
		{D08D5A28-CC4A-481D-A2B5-8E5F569BC7F9} = {878DD0D9-4954-4E5F-937B-89B30F6A0C48}
		{64098E4A-BCF6-4B33-B792-70488BB369A6} = {878DD0D9-4954-4E5F-937B-89B30F6A0C48}
		{3976791D-3B5C-439D-ABC0-2F4F896C90E7} = {878DD0D9-4954-4E5F-937B-89B30F6A0C48}
		{DC2506B4-BBB5-4950-B889-E1067CB8E98A} = {878DD0D9-4954-4E5F-937B-89B30F6A0C48}
		{D4FFCEC7-5C05-44E0-B6AB-B80109097459} = {878DD0D9-4954-4E5F-937B-89B30F6A0C48}
		{31D46FDF-714E-4AD4-A5B4-F69A6A6199EE} = {878DD0D9-4954-4E5F-937B-89B30F6A0C48}
	EndGlobalSection
	GlobalSection(ExtensibilityGlobals) = postSolution
		SolutionGuid = {F6E62627-522B-4CBE-9193-D457EA605A5A}
	EndGlobalSection
EndGlobal
