
Microsoft Visual Studio Solution File, Format Version 12.00
# Visual Studio Version 16
VisualStudioVersion = 16.0.30225.117
MinimumVisualStudioVersion = 10.0.40219.1
Project("{9A19103F-16F7-4668-BE54-9A1E7A4F7556}") = "MagicKeys", "MagicKeys\MagicKeys.csproj", "{8C7B0C9C-E076-4AE3-8F77-4CBA3B5AC808}"
EndProject
Project("{2150E333-8FDC-42A3-9474-1A3956D46DE8}") = "Plugins", "Plugins", "{878DD0D9-4954-4E5F-937B-89B30F6A0C48}"
EndProject
Project("{9A19103F-16F7-4668-BE54-9A1E7A4F7556}") = "Kontakt", "Plugins\DLL\Kontakt\Kontakt.csproj", "{AEC9022D-C366-497C-8B54-669629416224}"
EndProject
Project("{9A19103F-16F7-4668-BE54-9A1E7A4F7556}") = "Nexus", "Plugins\DLL\Nexus\Nexus.csproj", "{D08D5A28-CC4A-481D-A2B5-8E5F569BC7F9}"
EndProject
Project("{9A19103F-16F7-4668-BE54-9A1E7A4F7556}") = "Omnisphere", "Plugins\DLL\Omnisphere\Omnisphere.csproj", "{64098E4A-BCF6-4B33-B792-70488BB369A6}"
EndProject
Project("{9A19103F-16F7-4668-BE54-9A1E7A4F7556}") = "Serum", "Plugins\DLL\Serum\Serum.csproj", "{3976791D-3B5C-439D-ABC0-2F4F896C90E7}"
EndProject
Project("{2150E333-8FDC-42A3-9474-1A3956D46DE8}") = "KontaktLib", "KontaktLib", "{8A4CBDDF-890D-42DC-A709-3961003939E0}"
EndProject
Project("{9A19103F-16F7-4668-BE54-9A1E7A4F7556}") = "IlyaEfimovBayanLeft", "Plugins\DLL\KontaktLib\IlyaEfimovBayanLeft\IlyaEfimovBayanLeft.csproj", "{06FF1D9F-A7E3-4C38-A9A0-4B7DE0A35806}"
EndProject
Project("{9A19103F-16F7-4668-BE54-9A1E7A4F7556}") = "IlyaEfimovBayanRight", "Plugins\DLL\KontaktLib\IlyaEfimovBayanRight\IlyaEfimovBayanRight.csproj", "{682D7B7A-691F-4066-B4CA-98D178BC4699}"
EndProject
Project("{9A19103F-16F7-4668-BE54-9A1E7A4F7556}") = "DeveloperTool", "DeveloperTool\DeveloperTool.csproj", "{B8275EE5-47C8-4599-BC00-99C4F94C2A28}"
EndProject
Global
	GlobalSection(SolutionConfigurationPlatforms) = preSolution
		Debug|x64 = Debug|x64
		Debug|x86 = Debug|x86
		Release|x64 = Release|x64
		Release|x86 = Release|x86
	EndGlobalSection
	GlobalSection(ProjectConfigurationPlatforms) = postSolution
		{8C7B0C9C-E076-4AE3-8F77-4CBA3B5AC808}.Debug|x64.ActiveCfg = Debug|x64
		{8C7B0C9C-E076-4AE3-8F77-4CBA3B5AC808}.Debug|x64.Build.0 = Debug|x64
		{8C7B0C9C-E076-4AE3-8F77-4CBA3B5AC808}.Debug|x86.ActiveCfg = Debug|x86
		{8C7B0C9C-E076-4AE3-8F77-4CBA3B5AC808}.Debug|x86.Build.0 = Debug|x86
		{8C7B0C9C-E076-4AE3-8F77-4CBA3B5AC808}.Release|x64.ActiveCfg = Release|x64
		{8C7B0C9C-E076-4AE3-8F77-4CBA3B5AC808}.Release|x64.Build.0 = Release|x64
		{8C7B0C9C-E076-4AE3-8F77-4CBA3B5AC808}.Release|x86.ActiveCfg = Release|x86
		{8C7B0C9C-E076-4AE3-8F77-4CBA3B5AC808}.Release|x86.Build.0 = Release|x86
		{AEC9022D-C366-497C-8B54-669629416224}.Debug|x64.ActiveCfg = Debug|x64
		{AEC9022D-C366-497C-8B54-669629416224}.Debug|x64.Build.0 = Debug|x64
		{AEC9022D-C366-497C-8B54-669629416224}.Debug|x86.ActiveCfg = Debug|x86
		{AEC9022D-C366-497C-8B54-669629416224}.Debug|x86.Build.0 = Debug|x86
		{AEC9022D-C366-497C-8B54-669629416224}.Release|x64.ActiveCfg = Release|x64
		{AEC9022D-C366-497C-8B54-669629416224}.Release|x64.Build.0 = Release|x64
		{AEC9022D-C366-497C-8B54-669629416224}.Release|x86.ActiveCfg = Release|x86
		{AEC9022D-C366-497C-8B54-669629416224}.Release|x86.Build.0 = Release|x86
		{D08D5A28-CC4A-481D-A2B5-8E5F569BC7F9}.Debug|x64.ActiveCfg = Debug|x64
		{D08D5A28-CC4A-481D-A2B5-8E5F569BC7F9}.Debug|x64.Build.0 = Debug|x64
		{D08D5A28-CC4A-481D-A2B5-8E5F569BC7F9}.Debug|x86.ActiveCfg = Debug|x86
		{D08D5A28-CC4A-481D-A2B5-8E5F569BC7F9}.Debug|x86.Build.0 = Debug|x86
		{D08D5A28-CC4A-481D-A2B5-8E5F569BC7F9}.Release|x64.ActiveCfg = Release|x64
		{D08D5A28-CC4A-481D-A2B5-8E5F569BC7F9}.Release|x64.Build.0 = Release|x64
		{D08D5A28-CC4A-481D-A2B5-8E5F569BC7F9}.Release|x86.ActiveCfg = Release|x86
		{D08D5A28-CC4A-481D-A2B5-8E5F569BC7F9}.Release|x86.Build.0 = Release|x86
		{64098E4A-BCF6-4B33-B792-70488BB369A6}.Debug|x64.ActiveCfg = Debug|x64
		{64098E4A-BCF6-4B33-B792-70488BB369A6}.Debug|x64.Build.0 = Debug|x64
		{64098E4A-BCF6-4B33-B792-70488BB369A6}.Debug|x86.ActiveCfg = Debug|x86
		{64098E4A-BCF6-4B33-B792-70488BB369A6}.Debug|x86.Build.0 = Debug|x86
		{64098E4A-BCF6-4B33-B792-70488BB369A6}.Release|x64.ActiveCfg = Release|x64
		{64098E4A-BCF6-4B33-B792-70488BB369A6}.Release|x64.Build.0 = Release|x64
		{64098E4A-BCF6-4B33-B792-70488BB369A6}.Release|x86.ActiveCfg = Release|x86
		{64098E4A-BCF6-4B33-B792-70488BB369A6}.Release|x86.Build.0 = Release|x86
		{3976791D-3B5C-439D-ABC0-2F4F896C90E7}.Debug|x64.ActiveCfg = Debug|x64
		{3976791D-3B5C-439D-ABC0-2F4F896C90E7}.Debug|x64.Build.0 = Debug|x64
		{3976791D-3B5C-439D-ABC0-2F4F896C90E7}.Debug|x86.ActiveCfg = Debug|x86
		{3976791D-3B5C-439D-ABC0-2F4F896C90E7}.Debug|x86.Build.0 = Debug|x86
		{3976791D-3B5C-439D-ABC0-2F4F896C90E7}.Release|x64.ActiveCfg = Release|x64
		{3976791D-3B5C-439D-ABC0-2F4F896C90E7}.Release|x64.Build.0 = Release|x64
		{3976791D-3B5C-439D-ABC0-2F4F896C90E7}.Release|x86.ActiveCfg = Release|x86
		{3976791D-3B5C-439D-ABC0-2F4F896C90E7}.Release|x86.Build.0 = Release|x86
		{06FF1D9F-A7E3-4C38-A9A0-4B7DE0A35806}.Debug|x64.ActiveCfg = Debug|x64
		{06FF1D9F-A7E3-4C38-A9A0-4B7DE0A35806}.Debug|x64.Build.0 = Debug|x64
		{06FF1D9F-A7E3-4C38-A9A0-4B7DE0A35806}.Debug|x86.ActiveCfg = Debug|x86
		{06FF1D9F-A7E3-4C38-A9A0-4B7DE0A35806}.Debug|x86.Build.0 = Debug|x86
		{06FF1D9F-A7E3-4C38-A9A0-4B7DE0A35806}.Release|x64.ActiveCfg = Release|x64
		{06FF1D9F-A7E3-4C38-A9A0-4B7DE0A35806}.Release|x64.Build.0 = Release|x64
		{06FF1D9F-A7E3-4C38-A9A0-4B7DE0A35806}.Release|x86.ActiveCfg = Release|x86
		{06FF1D9F-A7E3-4C38-A9A0-4B7DE0A35806}.Release|x86.Build.0 = Release|x86
		{682D7B7A-691F-4066-B4CA-98D178BC4699}.Debug|x64.ActiveCfg = Debug|x64
		{682D7B7A-691F-4066-B4CA-98D178BC4699}.Debug|x64.Build.0 = Debug|x64
		{682D7B7A-691F-4066-B4CA-98D178BC4699}.Debug|x86.ActiveCfg = Debug|x86
		{682D7B7A-691F-4066-B4CA-98D178BC4699}.Debug|x86.Build.0 = Debug|x86
		{682D7B7A-691F-4066-B4CA-98D178BC4699}.Release|x64.ActiveCfg = Release|x64
		{682D7B7A-691F-4066-B4CA-98D178BC4699}.Release|x64.Build.0 = Release|x64
		{682D7B7A-691F-4066-B4CA-98D178BC4699}.Release|x86.ActiveCfg = Release|x86
		{682D7B7A-691F-4066-B4CA-98D178BC4699}.Release|x86.Build.0 = Release|x86
		{B8275EE5-47C8-4599-BC00-99C4F94C2A28}.Debug|x64.ActiveCfg = Debug|x64
		{B8275EE5-47C8-4599-BC00-99C4F94C2A28}.Debug|x64.Build.0 = Debug|x64
		{B8275EE5-47C8-4599-BC00-99C4F94C2A28}.Debug|x86.ActiveCfg = Debug|x86
		{B8275EE5-47C8-4599-BC00-99C4F94C2A28}.Debug|x86.Build.0 = Debug|x86
		{B8275EE5-47C8-4599-BC00-99C4F94C2A28}.Release|x64.ActiveCfg = Release|x64
		{B8275EE5-47C8-4599-BC00-99C4F94C2A28}.Release|x64.Build.0 = Release|x64
		{B8275EE5-47C8-4599-BC00-99C4F94C2A28}.Release|x86.ActiveCfg = Release|x86
		{B8275EE5-47C8-4599-BC00-99C4F94C2A28}.Release|x86.Build.0 = Release|x86
	EndGlobalSection
	GlobalSection(SolutionProperties) = preSolution
		HideSolutionNode = FALSE
	EndGlobalSection
	GlobalSection(NestedProjects) = preSolution
		{AEC9022D-C366-497C-8B54-669629416224} = {878DD0D9-4954-4E5F-937B-89B30F6A0C48}
		{D08D5A28-CC4A-481D-A2B5-8E5F569BC7F9} = {878DD0D9-4954-4E5F-937B-89B30F6A0C48}
		{64098E4A-BCF6-4B33-B792-70488BB369A6} = {878DD0D9-4954-4E5F-937B-89B30F6A0C48}
		{3976791D-3B5C-439D-ABC0-2F4F896C90E7} = {878DD0D9-4954-4E5F-937B-89B30F6A0C48}
		{8A4CBDDF-890D-42DC-A709-3961003939E0} = {878DD0D9-4954-4E5F-937B-89B30F6A0C48}
		{06FF1D9F-A7E3-4C38-A9A0-4B7DE0A35806} = {8A4CBDDF-890D-42DC-A709-3961003939E0}
		{682D7B7A-691F-4066-B4CA-98D178BC4699} = {8A4CBDDF-890D-42DC-A709-3961003939E0}
	EndGlobalSection
	GlobalSection(ExtensibilityGlobals) = postSolution
		SolutionGuid = {F6E62627-522B-4CBE-9193-D457EA605A5A}
	EndGlobalSection
EndGlobal
