
Microsoft Visual Studio Solution File, Format Version 12.00
# Visual Studio Version 16
VisualStudioVersion = 16.0.30002.166
MinimumVisualStudioVersion = 10.0.40219.1
Project("{FAE04EC0-301F-11D3-BF4B-00C04F79EFBC}") = "SendInputsDemo", "SendInputsDemo\SendInputsDemo.csproj", "{98F6ECA6-6CC9-42E5-9094-91144DD0D66F}"
EndProject
Global
	GlobalSection(SolutionConfigurationPlatforms) = preSolution
		Debug|Any CPU = Debug|Any CPU
		Release|Any CPU = Release|Any CPU
	EndGlobalSection
	GlobalSection(ProjectConfigurationPlatforms) = postSolution
		{98F6ECA6-6CC9-42E5-9094-91144DD0D66F}.Debug|Any CPU.ActiveCfg = Debug|Any CPU
		{98F6ECA6-6CC9-42E5-9094-91144DD0D66F}.Debug|Any CPU.Build.0 = Debug|Any CPU
		{98F6ECA6-6CC9-42E5-9094-91144DD0D66F}.Release|Any CPU.ActiveCfg = Release|Any CPU
		{98F6ECA6-6CC9-42E5-9094-91144DD0D66F}.Release|Any CPU.Build.0 = Release|Any CPU
	EndGlobalSection
	GlobalSection(SolutionProperties) = preSolution
		HideSolutionNode = FALSE
	EndGlobalSection
	GlobalSection(ExtensibilityGlobals) = postSolution
		SolutionGuid = {6BA32E7E-626A-473F-9F24-E1CB7BEC92F8}
	EndGlobalSection
EndGlobal
